// !$*UTF8*$!
{
	archiveVersion = 1;
	classes = {
	};
	objectVersion = 56;
	objects = {

/* Begin PBXBuildFile section */
		856917682B3745B3005644DE /* FoodRecipeV1_1App.swift in Sources */ = {isa = PBXBuildFile; fileRef = 856917672B3745B3005644DE /* FoodRecipeV1_1App.swift */; };
		8569176A2B3745B3005644DE /* ContentView.swift in Sources */ = {isa = PBXBuildFile; fileRef = 856917692B3745B3005644DE /* ContentView.swift */; };
		8569176C2B3745B4005644DE /* Assets.xcassets in Resources */ = {isa = PBXBuildFile; fileRef = 8569176B2B3745B4005644DE /* Assets.xcassets */; };
		8569176F2B3745B4005644DE /* Preview Assets.xcassets in Resources */ = {isa = PBXBuildFile; fileRef = 8569176E2B3745B4005644DE /* Preview Assets.xcassets */; };
		856917792B3745B4005644DE /* FoodRecipeV1_1Tests.swift in Sources */ = {isa = PBXBuildFile; fileRef = 856917782B3745B4005644DE /* FoodRecipeV1_1Tests.swift */; };
		856917832B3745B4005644DE /* FoodRecipeV1_1UITests.swift in Sources */ = {isa = PBXBuildFile; fileRef = 856917822B3745B4005644DE /* FoodRecipeV1_1UITests.swift */; };
		856917852B3745B4005644DE /* FoodRecipeV1_1UITestsLaunchTests.swift in Sources */ = {isa = PBXBuildFile; fileRef = 856917842B3745B4005644DE /* FoodRecipeV1_1UITestsLaunchTests.swift */; };
		856917942B374693005644DE /* HomeView.swift in Sources */ = {isa = PBXBuildFile; fileRef = 856917932B374693005644DE /* HomeView.swift */; };
		856917962B3746A0005644DE /* CategoriesView.swift in Sources */ = {isa = PBXBuildFile; fileRef = 856917952B3746A0005644DE /* CategoriesView.swift */; };
		856917982B3746AB005644DE /* NewRecipeView.swift in Sources */ = {isa = PBXBuildFile; fileRef = 856917972B3746AB005644DE /* NewRecipeView.swift */; };
		8569179A2B3746B7005644DE /* FavoritesView.swift in Sources */ = {isa = PBXBuildFile; fileRef = 856917992B3746B7005644DE /* FavoritesView.swift */; };
		8569179C2B374753005644DE /* Settings.swift in Sources */ = {isa = PBXBuildFile; fileRef = 8569179B2B374753005644DE /* Settings.swift */; };
		8569179E2B374771005644DE /* TabBar.swift in Sources */ = {isa = PBXBuildFile; fileRef = 8569179D2B374771005644DE /* TabBar.swift */; };
/* End PBXBuildFile section */

/* Begin PBXContainerItemProxy section */
		856917752B3745B4005644DE /* PBXContainerItemProxy */ = {
			isa = PBXContainerItemProxy;
			containerPortal = 8569175C2B3745B3005644DE /* Project object */;
			proxyType = 1;
			remoteGlobalIDString = 856917632B3745B3005644DE;
			remoteInfo = FoodRecipeV1.1;
		};
		8569177F2B3745B4005644DE /* PBXContainerItemProxy */ = {
			isa = PBXContainerItemProxy;
			containerPortal = 8569175C2B3745B3005644DE /* Project object */;
			proxyType = 1;
			remoteGlobalIDString = 856917632B3745B3005644DE;
			remoteInfo = FoodRecipeV1.1;
		};
/* End PBXContainerItemProxy section */

/* Begin PBXFileReference section */
		856917642B3745B3005644DE /* FoodRecipeV1.1.app */ = {isa = PBXFileReference; explicitFileType = wrapper.application; includeInIndex = 0; path = FoodRecipeV1.1.app; sourceTree = BUILT_PRODUCTS_DIR; };
		856917672B3745B3005644DE /* FoodRecipeV1_1App.swift */ = {isa = PBXFileReference; lastKnownFileType = sourcecode.swift; path = FoodRecipeV1_1App.swift; sourceTree = "<group>"; };
		856917692B3745B3005644DE /* ContentView.swift */ = {isa = PBXFileReference; lastKnownFileType = sourcecode.swift; path = ContentView.swift; sourceTree = "<group>"; };
		8569176B2B3745B4005644DE /* Assets.xcassets */ = {isa = PBXFileReference; lastKnownFileType = folder.assetcatalog; path = Assets.xcassets; sourceTree = "<group>"; };
		8569176E2B3745B4005644DE /* Preview Assets.xcassets */ = {isa = PBXFileReference; lastKnownFileType = folder.assetcatalog; path = "Preview Assets.xcassets"; sourceTree = "<group>"; };
		856917742B3745B4005644DE /* FoodRecipeV1.1Tests.xctest */ = {isa = PBXFileReference; explicitFileType = wrapper.cfbundle; includeInIndex = 0; path = FoodRecipeV1.1Tests.xctest; sourceTree = BUILT_PRODUCTS_DIR; };
		856917782B3745B4005644DE /* FoodRecipeV1_1Tests.swift */ = {isa = PBXFileReference; lastKnownFileType = sourcecode.swift; path = FoodRecipeV1_1Tests.swift; sourceTree = "<group>"; };
		8569177E2B3745B4005644DE /* FoodRecipeV1.1UITests.xctest */ = {isa = PBXFileReference; explicitFileType = wrapper.cfbundle; includeInIndex = 0; path = FoodRecipeV1.1UITests.xctest; sourceTree = BUILT_PRODUCTS_DIR; };
		856917822B3745B4005644DE /* FoodRecipeV1_1UITests.swift */ = {isa = PBXFileReference; lastKnownFileType = sourcecode.swift; path = FoodRecipeV1_1UITests.swift; sourceTree = "<group>"; };
		856917842B3745B4005644DE /* FoodRecipeV1_1UITestsLaunchTests.swift */ = {isa = PBXFileReference; lastKnownFileType = sourcecode.swift; path = FoodRecipeV1_1UITestsLaunchTests.swift; sourceTree = "<group>"; };
		856917932B374693005644DE /* HomeView.swift */ = {isa = PBXFileReference; lastKnownFileType = sourcecode.swift; path = HomeView.swift; sourceTree = "<group>"; };
		856917952B3746A0005644DE /* CategoriesView.swift */ = {isa = PBXFileReference; lastKnownFileType = sourcecode.swift; path = CategoriesView.swift; sourceTree = "<group>"; };
		856917972B3746AB005644DE /* NewRecipeView.swift */ = {isa = PBXFileReference; lastKnownFileType = sourcecode.swift; path = NewRecipeView.swift; sourceTree = "<group>"; };
		856917992B3746B7005644DE /* FavoritesView.swift */ = {isa = PBXFileReference; lastKnownFileType = sourcecode.swift; path = FavoritesView.swift; sourceTree = "<group>"; };
		8569179B2B374753005644DE /* Settings.swift */ = {isa = PBXFileReference; lastKnownFileType = sourcecode.swift; path = Settings.swift; sourceTree = "<group>"; };
		8569179D2B374771005644DE /* TabBar.swift */ = {isa = PBXFileReference; lastKnownFileType = sourcecode.swift; path = TabBar.swift; sourceTree = "<group>"; };
/* End PBXFileReference section */

/* Begin PBXFrameworksBuildPhase section */
		856917612B3745B3005644DE /* Frameworks */ = {
			isa = PBXFrameworksBuildPhase;
			buildActionMask = 2147483647;
			files = (
			);
			runOnlyForDeploymentPostprocessing = 0;
		};
		856917712B3745B4005644DE /* Frameworks */ = {
			isa = PBXFrameworksBuildPhase;
			buildActionMask = 2147483647;
			files = (
			);
			runOnlyForDeploymentPostprocessing = 0;
		};
		8569177B2B3745B4005644DE /* Frameworks */ = {
			isa = PBXFrameworksBuildPhase;
			buildActionMask = 2147483647;
			files = (
			);
			runOnlyForDeploymentPostprocessing = 0;
		};
/* End PBXFrameworksBuildPhase section */

/* Begin PBXGroup section */
		8569175B2B3745B3005644DE = {
			isa = PBXGroup;
			children = (
				856917662B3745B3005644DE /* FoodRecipeV1.1 */,
				856917652B3745B3005644DE /* Products */,
			);
			sourceTree = "<group>";
		};
		856917652B3745B3005644DE /* Products */ = {
			isa = PBXGroup;
			children = (
				856917642B3745B3005644DE /* FoodRecipeV1.1.app */,
				856917742B3745B4005644DE /* FoodRecipeV1.1Tests.xctest */,
				8569177E2B3745B4005644DE /* FoodRecipeV1.1UITests.xctest */,
			);
			name = Products;
			sourceTree = "<group>";
		};
		856917662B3745B3005644DE /* FoodRecipeV1.1 */ = {
			isa = PBXGroup;
			children = (
				856917912B3745C3005644DE /* Views */,
				856917672B3745B3005644DE /* FoodRecipeV1_1App.swift */,
				8569176D2B3745B4005644DE /* Preview Content */,
			);
			path = FoodRecipeV1.1;
			sourceTree = "<group>";
		};
		8569176D2B3745B4005644DE /* Preview Content */ = {
			isa = PBXGroup;
			children = (
				856917772B3745B4005644DE /* FoodRecipeV1.1Tests */,
				856917812B3745B4005644DE /* FoodRecipeV1.1UITests */,
				8569176E2B3745B4005644DE /* Preview Assets.xcassets */,
			);
			path = "Preview Content";
			sourceTree = "<group>";
		};
		856917772B3745B4005644DE /* FoodRecipeV1.1Tests */ = {
			isa = PBXGroup;
			children = (
				856917782B3745B4005644DE /* FoodRecipeV1_1Tests.swift */,
			);
			path = FoodRecipeV1.1Tests;
			sourceTree = "<group>";
		};
		856917812B3745B4005644DE /* FoodRecipeV1.1UITests */ = {
			isa = PBXGroup;
			children = (
				856917822B3745B4005644DE /* FoodRecipeV1_1UITests.swift */,
				856917842B3745B4005644DE /* FoodRecipeV1_1UITestsLaunchTests.swift */,
			);
			path = FoodRecipeV1.1UITests;
			sourceTree = "<group>";
		};
		856917912B3745C3005644DE /* Views */ = {
			isa = PBXGroup;
			children = (
				856917922B3745CE005644DE /* Main */,
			);
			path = Views;
			sourceTree = "<group>";
		};
		856917922B3745CE005644DE /* Main */ = {
			isa = PBXGroup;
			children = (
				856917692B3745B3005644DE /* ContentView.swift */,
				856917932B374693005644DE /* HomeView.swift */,
				856917952B3746A0005644DE /* CategoriesView.swift */,
				856917992B3746B7005644DE /* FavoritesView.swift */,
				856917972B3746AB005644DE /* NewRecipeView.swift */,
				8569179B2B374753005644DE /* Settings.swift */,
				8569179D2B374771005644DE /* TabBar.swift */,
				8569176B2B3745B4005644DE /* Assets.xcassets */,
			);
			path = Main;
			sourceTree = "<group>";
		};
/* End PBXGroup section */

/* Begin PBXNativeTarget section */
		856917632B3745B3005644DE /* FoodRecipeV1.1 */ = {
			isa = PBXNativeTarget;
			buildConfigurationList = 856917882B3745B4005644DE /* Build configuration list for PBXNativeTarget "FoodRecipeV1.1" */;
			buildPhases = (
				856917602B3745B3005644DE /* Sources */,
				856917612B3745B3005644DE /* Frameworks */,
				856917622B3745B3005644DE /* Resources */,
			);
			buildRules = (
			);
			dependencies = (
			);
			name = FoodRecipeV1.1;
			productName = FoodRecipeV1.1;
			productReference = 856917642B3745B3005644DE /* FoodRecipeV1.1.app */;
			productType = "com.apple.product-type.application";
		};
		856917732B3745B4005644DE /* FoodRecipeV1.1Tests */ = {
			isa = PBXNativeTarget;
			buildConfigurationList = 8569178B2B3745B4005644DE /* Build configuration list for PBXNativeTarget "FoodRecipeV1.1Tests" */;
			buildPhases = (
				856917702B3745B4005644DE /* Sources */,
				856917712B3745B4005644DE /* Frameworks */,
				856917722B3745B4005644DE /* Resources */,
			);
			buildRules = (
			);
			dependencies = (
				856917762B3745B4005644DE /* PBXTargetDependency */,
			);
			name = FoodRecipeV1.1Tests;
			productName = FoodRecipeV1.1Tests;
			productReference = 856917742B3745B4005644DE /* FoodRecipeV1.1Tests.xctest */;
			productType = "com.apple.product-type.bundle.unit-test";
		};
		8569177D2B3745B4005644DE /* FoodRecipeV1.1UITests */ = {
			isa = PBXNativeTarget;
			buildConfigurationList = 8569178E2B3745B4005644DE /* Build configuration list for PBXNativeTarget "FoodRecipeV1.1UITests" */;
			buildPhases = (
				8569177A2B3745B4005644DE /* Sources */,
				8569177B2B3745B4005644DE /* Frameworks */,
				8569177C2B3745B4005644DE /* Resources */,
			);
			buildRules = (
			);
			dependencies = (
				856917802B3745B4005644DE /* PBXTargetDependency */,
			);
			name = FoodRecipeV1.1UITests;
			productName = FoodRecipeV1.1UITests;
			productReference = 8569177E2B3745B4005644DE /* FoodRecipeV1.1UITests.xctest */;
			productType = "com.apple.product-type.bundle.ui-testing";
		};
/* End PBXNativeTarget section */

/* Begin PBXProject section */
		8569175C2B3745B3005644DE /* Project object */ = {
			isa = PBXProject;
			attributes = {
				BuildIndependentTargetsInParallel = 1;
				LastSwiftUpdateCheck = 1500;
				LastUpgradeCheck = 1500;
				TargetAttributes = {
					856917632B3745B3005644DE = {
						CreatedOnToolsVersion = 15.0.1;
					};
					856917732B3745B4005644DE = {
						CreatedOnToolsVersion = 15.0.1;
						TestTargetID = 856917632B3745B3005644DE;
					};
					8569177D2B3745B4005644DE = {
						CreatedOnToolsVersion = 15.0.1;
						TestTargetID = 856917632B3745B3005644DE;
					};
				};
			};
			buildConfigurationList = 8569175F2B3745B3005644DE /* Build configuration list for PBXProject "FoodRecipeV1.1" */;
			compatibilityVersion = "Xcode 14.0";
			developmentRegion = en;
			hasScannedForEncodings = 0;
			knownRegions = (
				en,
				Base,
			);
			mainGroup = 8569175B2B3745B3005644DE;
			productRefGroup = 856917652B3745B3005644DE /* Products */;
			projectDirPath = "";
			projectRoot = "";
			targets = (
				856917632B3745B3005644DE /* FoodRecipeV1.1 */,
				856917732B3745B4005644DE /* FoodRecipeV1.1Tests */,
				8569177D2B3745B4005644DE /* FoodRecipeV1.1UITests */,
			);
		};
/* End PBXProject section */

/* Begin PBXResourcesBuildPhase section */
		856917622B3745B3005644DE /* Resources */ = {
			isa = PBXResourcesBuildPhase;
			buildActionMask = 2147483647;
			files = (
				8569176F2B3745B4005644DE /* Preview Assets.xcassets in Resources */,
				8569176C2B3745B4005644DE /* Assets.xcassets in Resources */,
			);
			runOnlyForDeploymentPostprocessing = 0;
		};
		856917722B3745B4005644DE /* Resources */ = {
			isa = PBXResourcesBuildPhase;
			buildActionMask = 2147483647;
			files = (
			);
			runOnlyForDeploymentPostprocessing = 0;
		};
		8569177C2B3745B4005644DE /* Resources */ = {
			isa = PBXResourcesBuildPhase;
			buildActionMask = 2147483647;
			files = (
			);
			runOnlyForDeploymentPostprocessing = 0;
		};
/* End PBXResourcesBuildPhase section */

/* Begin PBXSourcesBuildPhase section */
		856917602B3745B3005644DE /* Sources */ = {
			isa = PBXSourcesBuildPhase;
			buildActionMask = 2147483647;
			files = (
				856917962B3746A0005644DE /* CategoriesView.swift in Sources */,
				856917982B3746AB005644DE /* NewRecipeView.swift in Sources */,
				8569179A2B3746B7005644DE /* FavoritesView.swift in Sources */,
				8569179E2B374771005644DE /* TabBar.swift in Sources */,
				856917942B374693005644DE /* HomeView.swift in Sources */,
				8569179C2B374753005644DE /* Settings.swift in Sources */,
				8569176A2B3745B3005644DE /* ContentView.swift in Sources */,
				856917682B3745B3005644DE /* FoodRecipeV1_1App.swift in Sources */,
			);
			runOnlyForDeploymentPostprocessing = 0;
		};
		856917702B3745B4005644DE /* Sources */ = {
			isa = PBXSourcesBuildPhase;
			buildActionMask = 2147483647;
			files = (
				856917792B3745B4005644DE /* FoodRecipeV1_1Tests.swift in Sources */,
			);
			runOnlyForDeploymentPostprocessing = 0;
		};
		8569177A2B3745B4005644DE /* Sources */ = {
			isa = PBXSourcesBuildPhase;
			buildActionMask = 2147483647;
			files = (
				856917832B3745B4005644DE /* FoodRecipeV1_1UITests.swift in Sources */,
				856917852B3745B4005644DE /* FoodRecipeV1_1UITestsLaunchTests.swift in Sources */,
			);
			runOnlyForDeploymentPostprocessing = 0;
		};
/* End PBXSourcesBuildPhase section */

/* Begin PBXTargetDependency section */
		856917762B3745B4005644DE /* PBXTargetDependency */ = {
			isa = PBXTargetDependency;
			target = 856917632B3745B3005644DE /* FoodRecipeV1.1 */;
			targetProxy = 856917752B3745B4005644DE /* PBXContainerItemProxy */;
		};
		856917802B3745B4005644DE /* PBXTargetDependency */ = {
			isa = PBXTargetDependency;
			target = 856917632B3745B3005644DE /* FoodRecipeV1.1 */;
			targetProxy = 8569177F2B3745B4005644DE /* PBXContainerItemProxy */;
		};
/* End PBXTargetDependency section */

/* Begin XCBuildConfiguration section */
		856917862B3745B4005644DE /* Debug */ = {
			isa = XCBuildConfiguration;
			buildSettings = {
				ALWAYS_SEARCH_USER_PATHS = NO;
				ASSETCATALOG_COMPILER_GENERATE_SWIFT_ASSET_SYMBOL_EXTENSIONS = YES;
				CLANG_ANALYZER_NONNULL = YES;
				CLANG_ANALYZER_NUMBER_OBJECT_CONVERSION = YES_AGGRESSIVE;
				CLANG_CXX_LANGUAGE_STANDARD = "gnu++20";
				CLANG_ENABLE_MODULES = YES;
				CLANG_ENABLE_OBJC_ARC = YES;
				CLANG_ENABLE_OBJC_WEAK = YES;
				CLANG_WARN_BLOCK_CAPTURE_AUTORELEASING = YES;
				CLANG_WARN_BOOL_CONVERSION = YES;
				CLANG_WARN_COMMA = YES;
				CLANG_WARN_CONSTANT_CONVERSION = YES;
				CLANG_WARN_DEPRECATED_OBJC_IMPLEMENTATIONS = YES;
				CLANG_WARN_DIRECT_OBJC_ISA_USAGE = YES_ERROR;
				CLANG_WARN_DOCUMENTATION_COMMENTS = YES;
				CLANG_WARN_EMPTY_BODY = YES;
				CLANG_WARN_ENUM_CONVERSION = YES;
				CLANG_WARN_INFINITE_RECURSION = YES;
				CLANG_WARN_INT_CONVERSION = YES;
				CLANG_WARN_NON_LITERAL_NULL_CONVERSION = YES;
				CLANG_WARN_OBJC_IMPLICIT_RETAIN_SELF = YES;
				CLANG_WARN_OBJC_LITERAL_CONVERSION = YES;
				CLANG_WARN_OBJC_ROOT_CLASS = YES_ERROR;
				CLANG_WARN_QUOTED_INCLUDE_IN_FRAMEWORK_HEADER = YES;
				CLANG_WARN_RANGE_LOOP_ANALYSIS = YES;
				CLANG_WARN_STRICT_PROTOTYPES = YES;
				CLANG_WARN_SUSPICIOUS_MOVE = YES;
				CLANG_WARN_UNGUARDED_AVAILABILITY = YES_AGGRESSIVE;
				CLANG_WARN_UNREACHABLE_CODE = YES;
				CLANG_WARN__DUPLICATE_METHOD_MATCH = YES;
				COPY_PHASE_STRIP = NO;
				DEBUG_INFORMATION_FORMAT = dwarf;
				ENABLE_STRICT_OBJC_MSGSEND = YES;
				ENABLE_TESTABILITY = YES;
				ENABLE_USER_SCRIPT_SANDBOXING = YES;
				GCC_C_LANGUAGE_STANDARD = gnu17;
				GCC_DYNAMIC_NO_PIC = NO;
				GCC_NO_COMMON_BLOCKS = YES;
				GCC_OPTIMIZATION_LEVEL = 0;
				GCC_PREPROCESSOR_DEFINITIONS = (
					"DEBUG=1",
					"$(inherited)",
				);
				GCC_WARN_64_TO_32_BIT_CONVERSION = YES;
				GCC_WARN_ABOUT_RETURN_TYPE = YES_ERROR;
				GCC_WARN_UNDECLARED_SELECTOR = YES;
				GCC_WARN_UNINITIALIZED_AUTOS = YES_AGGRESSIVE;
				GCC_WARN_UNUSED_FUNCTION = YES;
				GCC_WARN_UNUSED_VARIABLE = YES;
				IPHONEOS_DEPLOYMENT_TARGET = 17.0;
				LOCALIZATION_PREFERS_STRING_CATALOGS = YES;
				MTL_ENABLE_DEBUG_INFO = INCLUDE_SOURCE;
				MTL_FAST_MATH = YES;
				ONLY_ACTIVE_ARCH = YES;
				SDKROOT = iphoneos;
				SWIFT_ACTIVE_COMPILATION_CONDITIONS = "DEBUG $(inherited)";
				SWIFT_OPTIMIZATION_LEVEL = "-Onone";
			};
			name = Debug;
		};
		856917872B3745B4005644DE /* Release */ = {
			isa = XCBuildConfiguration;
			buildSettings = {
				ALWAYS_SEARCH_USER_PATHS = NO;
				ASSETCATALOG_COMPILER_GENERATE_SWIFT_ASSET_SYMBOL_EXTENSIONS = YES;
				CLANG_ANALYZER_NONNULL = YES;
				CLANG_ANALYZER_NUMBER_OBJECT_CONVERSION = YES_AGGRESSIVE;
				CLANG_CXX_LANGUAGE_STANDARD = "gnu++20";
				CLANG_ENABLE_MODULES = YES;
				CLANG_ENABLE_OBJC_ARC = YES;
				CLANG_ENABLE_OBJC_WEAK = YES;
				CLANG_WARN_BLOCK_CAPTURE_AUTORELEASING = YES;
				CLANG_WARN_BOOL_CONVERSION = YES;
				CLANG_WARN_COMMA = YES;
				CLANG_WARN_CONSTANT_CONVERSION = YES;
				CLANG_WARN_DEPRECATED_OBJC_IMPLEMENTATIONS = YES;
				CLANG_WARN_DIRECT_OBJC_ISA_USAGE = YES_ERROR;
				CLANG_WARN_DOCUMENTATION_COMMENTS = YES;
				CLANG_WARN_EMPTY_BODY = YES;
				CLANG_WARN_ENUM_CONVERSION = YES;
				CLANG_WARN_INFINITE_RECURSION = YES;
				CLANG_WARN_INT_CONVERSION = YES;
				CLANG_WARN_NON_LITERAL_NULL_CONVERSION = YES;
				CLANG_WARN_OBJC_IMPLICIT_RETAIN_SELF = YES;
				CLANG_WARN_OBJC_LITERAL_CONVERSION = YES;
				CLANG_WARN_OBJC_ROOT_CLASS = YES_ERROR;
				CLANG_WARN_QUOTED_INCLUDE_IN_FRAMEWORK_HEADER = YES;
				CLANG_WARN_RANGE_LOOP_ANALYSIS = YES;
				CLANG_WARN_STRICT_PROTOTYPES = YES;
				CLANG_WARN_SUSPICIOUS_MOVE = YES;
				CLANG_WARN_UNGUARDED_AVAILABILITY = YES_AGGRESSIVE;
				CLANG_WARN_UNREACHABLE_CODE = YES;
				CLANG_WARN__DUPLICATE_METHOD_MATCH = YES;
				COPY_PHASE_STRIP = NO;
				DEBUG_INFORMATION_FORMAT = "dwarf-with-dsym";
				ENABLE_NS_ASSERTIONS = NO;
				ENABLE_STRICT_OBJC_MSGSEND = YES;
				ENABLE_USER_SCRIPT_SANDBOXING = YES;
				GCC_C_LANGUAGE_STANDARD = gnu17;
				GCC_NO_COMMON_BLOCKS = YES;
				GCC_WARN_64_TO_32_BIT_CONVERSION = YES;
				GCC_WARN_ABOUT_RETURN_TYPE = YES_ERROR;
				GCC_WARN_UNDECLARED_SELECTOR = YES;
				GCC_WARN_UNINITIALIZED_AUTOS = YES_AGGRESSIVE;
				GCC_WARN_UNUSED_FUNCTION = YES;
				GCC_WARN_UNUSED_VARIABLE = YES;
				IPHONEOS_DEPLOYMENT_TARGET = 17.0;
				LOCALIZATION_PREFERS_STRING_CATALOGS = YES;
				MTL_ENABLE_DEBUG_INFO = NO;
				MTL_FAST_MATH = YES;
				SDKROOT = iphoneos;
				SWIFT_COMPILATION_MODE = wholemodule;
				VALIDATE_PRODUCT = YES;
			};
			name = Release;
		};
		856917892B3745B4005644DE /* Debug */ = {
			isa = XCBuildConfiguration;
			buildSettings = {
				ASSETCATALOG_COMPILER_APPICON_NAME = AppIcon;
				ASSETCATALOG_COMPILER_GLOBAL_ACCENT_COLOR_NAME = AccentColor;
				CODE_SIGN_STYLE = Automatic;
				CURRENT_PROJECT_VERSION = 1;
				DEVELOPMENT_ASSET_PATHS = "\"FoodRecipeV1.1/Preview Content\"";
				ENABLE_PREVIEWS = YES;
				GENERATE_INFOPLIST_FILE = YES;
				INFOPLIST_KEY_UIApplicationSceneManifest_Generation = YES;
				INFOPLIST_KEY_UIApplicationSupportsIndirectInputEvents = YES;
				INFOPLIST_KEY_UILaunchScreen_Generation = YES;
				INFOPLIST_KEY_UISupportedInterfaceOrientations_iPad = "UIInterfaceOrientationPortrait UIInterfaceOrientationPortraitUpsideDown UIInterfaceOrientationLandscapeLeft UIInterfaceOrientationLandscapeRight";
				INFOPLIST_KEY_UISupportedInterfaceOrientations_iPhone = "UIInterfaceOrientationPortrait UIInterfaceOrientationLandscapeLeft UIInterfaceOrientationLandscapeRight";
				LD_RUNPATH_SEARCH_PATHS = (
					"$(inherited)",
					"@executable_path/Frameworks",
				);
				MARKETING_VERSION = 1.0;
				PRODUCT_BUNDLE_IDENTIFIER = "Abdulrahmanisk.FoodRecipeV1-1";
				PRODUCT_NAME = "$(TARGET_NAME)";
				SWIFT_EMIT_LOC_STRINGS = YES;
				SWIFT_VERSION = 5.0;
				TARGETED_DEVICE_FAMILY = "1,2";
			};
			name = Debug;
		};
		8569178A2B3745B4005644DE /* Release */ = {
			isa = XCBuildConfiguration;
			buildSettings = {
				ASSETCATALOG_COMPILER_APPICON_NAME = AppIcon;
				ASSETCATALOG_COMPILER_GLOBAL_ACCENT_COLOR_NAME = AccentColor;
				CODE_SIGN_STYLE = Automatic;
				CURRENT_PROJECT_VERSION = 1;
				DEVELOPMENT_ASSET_PATHS = "\"FoodRecipeV1.1/Preview Content\"";
				ENABLE_PREVIEWS = YES;
				GENERATE_INFOPLIST_FILE = YES;
				INFOPLIST_KEY_UIApplicationSceneManifest_Generation = YES;
				INFOPLIST_KEY_UIApplicationSupportsIndirectInputEvents = YES;
				INFOPLIST_KEY_UILaunchScreen_Generation = YES;
				INFOPLIST_KEY_UISupportedInterfaceOrientations_iPad = "UIInterfaceOrientationPortrait UIInterfaceOrientationPortraitUpsideDown UIInterfaceOrientationLandscapeLeft UIInterfaceOrientationLandscapeRight";
				INFOPLIST_KEY_UISupportedInterfaceOrientations_iPhone = "UIInterfaceOrientationPortrait UIInterfaceOrientationLandscapeLeft UIInterfaceOrientationLandscapeRight";
				LD_RUNPATH_SEARCH_PATHS = (
					"$(inherited)",
					"@executable_path/Frameworks",
				);
				MARKETING_VERSION = 1.0;
				PRODUCT_BUNDLE_IDENTIFIER = "Abdulrahmanisk.FoodRecipeV1-1";
				PRODUCT_NAME = "$(TARGET_NAME)";
				SWIFT_EMIT_LOC_STRINGS = YES;
				SWIFT_VERSION = 5.0;
				TARGETED_DEVICE_FAMILY = "1,2";
			};
			name = Release;
		};
		8569178C2B3745B4005644DE /* Debug */ = {
			isa = XCBuildConfiguration;
			buildSettings = {
				ALWAYS_EMBED_SWIFT_STANDARD_LIBRARIES = YES;
				BUNDLE_LOADER = "$(TEST_HOST)";
				CODE_SIGN_STYLE = Automatic;
				CURRENT_PROJECT_VERSION = 1;
				GENERATE_INFOPLIST_FILE = YES;
				IPHONEOS_DEPLOYMENT_TARGET = 17.0;
				MARKETING_VERSION = 1.0;
				PRODUCT_BUNDLE_IDENTIFIER = "Abdulrahmanisk.FoodRecipeV1-1Tests";
				PRODUCT_NAME = "$(TARGET_NAME)";
				SWIFT_EMIT_LOC_STRINGS = NO;
				SWIFT_VERSION = 5.0;
				TARGETED_DEVICE_FAMILY = "1,2";
				TEST_HOST = "$(BUILT_PRODUCTS_DIR)/FoodRecipeV1.1.app/$(BUNDLE_EXECUTABLE_FOLDER_PATH)/FoodRecipeV1.1";
			};
			name = Debug;
		};
		8569178D2B3745B4005644DE /* Release */ = {
			isa = XCBuildConfiguration;
			buildSettings = {
				ALWAYS_EMBED_SWIFT_STANDARD_LIBRARIES = YES;
				BUNDLE_LOADER = "$(TEST_HOST)";
				CODE_SIGN_STYLE = Automatic;
				CURRENT_PROJECT_VERSION = 1;
				GENERATE_INFOPLIST_FILE = YES;
				IPHONEOS_DEPLOYMENT_TARGET = 17.0;
				MARKETING_VERSION = 1.0;
				PRODUCT_BUNDLE_IDENTIFIER = "Abdulrahmanisk.FoodRecipeV1-1Tests";
				PRODUCT_NAME = "$(TARGET_NAME)";
				SWIFT_EMIT_LOC_STRINGS = NO;
				SWIFT_VERSION = 5.0;
				TARGETED_DEVICE_FAMILY = "1,2";
				TEST_HOST = "$(BUILT_PRODUCTS_DIR)/FoodRecipeV1.1.app/$(BUNDLE_EXECUTABLE_FOLDER_PATH)/FoodRecipeV1.1";
			};
			name = Release;
		};
		8569178F2B3745B4005644DE /* Debug */ = {
			isa = XCBuildConfiguration;
			buildSettings = {
				ALWAYS_EMBED_SWIFT_STANDARD_LIBRARIES = YES;
				CODE_SIGN_STYLE = Automatic;
				CURRENT_PROJECT_VERSION = 1;
				GENERATE_INFOPLIST_FILE = YES;
				MARKETING_VERSION = 1.0;
				PRODUCT_BUNDLE_IDENTIFIER = "Abdulrahmanisk.FoodRecipeV1-1UITests";
				PRODUCT_NAME = "$(TARGET_NAME)";
				SWIFT_EMIT_LOC_STRINGS = NO;
				SWIFT_VERSION = 5.0;
				TARGETED_DEVICE_FAMILY = "1,2";
				TEST_TARGET_NAME = FoodRecipeV1.1;
			};
			name = Debug;
		};
		856917902B3745B4005644DE /* Release */ = {
			isa = XCBuildConfiguration;
			buildSettings = {
				ALWAYS_EMBED_SWIFT_STANDARD_LIBRARIES = YES;
				CODE_SIGN_STYLE = Automatic;
				CURRENT_PROJECT_VERSION = 1;
				GENERATE_INFOPLIST_FILE = YES;
				MARKETING_VERSION = 1.0;
				PRODUCT_BUNDLE_IDENTIFIER = "Abdulrahmanisk.FoodRecipeV1-1UITests";
				PRODUCT_NAME = "$(TARGET_NAME)";
				SWIFT_EMIT_LOC_STRINGS = NO;
				SWIFT_VERSION = 5.0;
				TARGETED_DEVICE_FAMILY = "1,2";
				TEST_TARGET_NAME = FoodRecipeV1.1;
			};
			name = Release;
		};
/* End XCBuildConfiguration section */

/* Begin XCConfigurationList section */
		8569175F2B3745B3005644DE /* Build configuration list for PBXProject "FoodRecipeV1.1" */ = {
			isa = XCConfigurationList;
			buildConfigurations = (
				856917862B3745B4005644DE /* Debug */,
				856917872B3745B4005644DE /* Release */,
			);
			defaultConfigurationIsVisible = 0;
			defaultConfigurationName = Release;
		};
		856917882B3745B4005644DE /* Build configuration list for PBXNativeTarget "FoodRecipeV1.1" */ = {
			isa = XCConfigurationList;
			buildConfigurations = (
				856917892B3745B4005644DE /* Debug */,
				8569178A2B3745B4005644DE /* Release */,
			);
			defaultConfigurationIsVisible = 0;
			defaultConfigurationName = Release;
		};
		8569178B2B3745B4005644DE /* Build configuration list for PBXNativeTarget "FoodRecipeV1.1Tests" */ = {
			isa = XCConfigurationList;
			buildConfigurations = (
				8569178C2B3745B4005644DE /* Debug */,
				8569178D2B3745B4005644DE /* Release */,
			);
			defaultConfigurationIsVisible = 0;
			defaultConfigurationName = Release;
		};
		8569178E2B3745B4005644DE /* Build configuration list for PBXNativeTarget "FoodRecipeV1.1UITests" */ = {
			isa = XCConfigurationList;
			buildConfigurations = (
				8569178F2B3745B4005644DE /* Debug */,
				856917902B3745B4005644DE /* Release */,
			);
			defaultConfigurationIsVisible = 0;
			defaultConfigurationName = Release;
		};
/* End XCConfigurationList section */
	};
	rootObject = 8569175C2B3745B3005644DE /* Project object */;
}
